
Microsoft Visual Studio Solution File, Format Version 12.00
# Visual Studio Version 16
VisualStudioVersion = 16.0.29102.190
MinimumVisualStudioVersion = 10.0.40219.1
Project("{FAE04EC0-301F-11D3-BF4B-00C04F79EFBC}") = "FacilityMonitoring.Common", "FacilityMonitoring.Common\FacilityMonitoring.Common.csproj", "{1A2AD572-BB03-47CB-B0E7-D6FBD26AD89D}"
EndProject
Global
	GlobalSection(SolutionConfigurationPlatforms) = preSolution
		Debug|Any CPU = Debug|Any CPU
		Release|Any CPU = Release|Any CPU
	EndGlobalSection
	GlobalSection(ProjectConfigurationPlatforms) = postSolution
		{1A2AD572-BB03-47CB-B0E7-D6FBD26AD89D}.Debug|Any CPU.ActiveCfg = Debug|Any CPU
		{1A2AD572-BB03-47CB-B0E7-D6FBD26AD89D}.Debug|Any CPU.Build.0 = Debug|Any CPU
		{1A2AD572-BB03-47CB-B0E7-D6FBD26AD89D}.Release|Any CPU.ActiveCfg = Release|Any CPU
		{1A2AD572-BB03-47CB-B0E7-D6FBD26AD89D}.Release|Any CPU.Build.0 = Release|Any CPU
	EndGlobalSection
	GlobalSection(SolutionProperties) = preSolution
		HideSolutionNode = FALSE
	EndGlobalSection
	GlobalSection(ExtensibilityGlobals) = postSolution
		SolutionGuid = {F1F8E3AC-EC08-4D85-A0AB-BCC0D5AAAFD7}
	EndGlobalSection
EndGlobal
