
Microsoft Visual Studio Solution File, Format Version 12.00
# Visual Studio Version 16
VisualStudioVersion = 16.0.29102.190
MinimumVisualStudioVersion = 10.0.40219.1
Project("{9A19103F-16F7-4668-BE54-9A1E7A4F7556}") = "FacilityMonitoring.Common", "FacilityMonitoring.Common\FacilityMonitoring.Common.csproj", "{1A2AD572-BB03-47CB-B0E7-D6FBD26AD89D}"
EndProject
Project("{9A19103F-16F7-4668-BE54-9A1E7A4F7556}") = "FacilityMonitoring.ConsoleTesting", "FacilityMonitoring.ConsoleTesting\FacilityMonitoring.ConsoleTesting.csproj", "{0F5FB984-2424-4BB4-A34E-8F376FB301E4}"
EndProject
Project("{2150E333-8FDC-42A3-9474-1A3956D46DE8}") = "Common", "Common", "{4C8F3F0C-B913-4AA7-8BC4-8CBEB6BF0DED}"
EndProject
Project("{2150E333-8FDC-42A3-9474-1A3956D46DE8}") = "Server", "Server", "{DD41F26A-EC6E-4465-AE17-BA0B28D99A56}"
EndProject
Project("{2150E333-8FDC-42A3-9474-1A3956D46DE8}") = "Clients", "Clients", "{9BFA9E61-CC25-465E-BFAF-4B3A7E1A0616}"
EndProject
Project("{2150E333-8FDC-42A3-9474-1A3956D46DE8}") = "Assemblies", "Assemblies", "{BB24FE97-76C9-4464-9D98-CE86CCFE012B}"
	ProjectSection(SolutionItems) = preProject
		Assembiles\NModbus4.deps.json = Assembiles\NModbus4.deps.json
		Assembiles\NModbus4.dll = Assembiles\NModbus4.dll
		Assembiles\NModbus4.pdb = Assembiles\NModbus4.pdb
	EndProjectSection
EndProject
Project("{9A19103F-16F7-4668-BE54-9A1E7A4F7556}") = "FacilityMonitoring.RealtimeServer", "FacilityMonitoring.RealtimeServer\FacilityMonitoring.RealtimeServer.csproj", "{09CF7C25-99E3-4F11-B0CB-5D6A7CF261BC}"
EndProject
Project("{FAE04EC0-301F-11D3-BF4B-00C04F79EFBC}") = "FacilityMonitoring.DesktopClient", "FacilityMonitoring.DesktopClient\FacilityMonitoring.DesktopClient.csproj", "{5526E003-9040-43AA-849C-9D246A2CCC77}"
EndProject
Global
	GlobalSection(SolutionConfigurationPlatforms) = preSolution
		Debug|Any CPU = Debug|Any CPU
		Release|Any CPU = Release|Any CPU
	EndGlobalSection
	GlobalSection(ProjectConfigurationPlatforms) = postSolution
		{1A2AD572-BB03-47CB-B0E7-D6FBD26AD89D}.Debug|Any CPU.ActiveCfg = Debug|Any CPU
		{1A2AD572-BB03-47CB-B0E7-D6FBD26AD89D}.Debug|Any CPU.Build.0 = Debug|Any CPU
		{1A2AD572-BB03-47CB-B0E7-D6FBD26AD89D}.Release|Any CPU.ActiveCfg = Release|Any CPU
		{1A2AD572-BB03-47CB-B0E7-D6FBD26AD89D}.Release|Any CPU.Build.0 = Release|Any CPU
		{0F5FB984-2424-4BB4-A34E-8F376FB301E4}.Debug|Any CPU.ActiveCfg = Debug|Any CPU
		{0F5FB984-2424-4BB4-A34E-8F376FB301E4}.Debug|Any CPU.Build.0 = Debug|Any CPU
		{0F5FB984-2424-4BB4-A34E-8F376FB301E4}.Release|Any CPU.ActiveCfg = Release|Any CPU
		{0F5FB984-2424-4BB4-A34E-8F376FB301E4}.Release|Any CPU.Build.0 = Release|Any CPU
		{09CF7C25-99E3-4F11-B0CB-5D6A7CF261BC}.Debug|Any CPU.ActiveCfg = Debug|Any CPU
		{09CF7C25-99E3-4F11-B0CB-5D6A7CF261BC}.Debug|Any CPU.Build.0 = Debug|Any CPU
		{09CF7C25-99E3-4F11-B0CB-5D6A7CF261BC}.Release|Any CPU.ActiveCfg = Release|Any CPU
		{09CF7C25-99E3-4F11-B0CB-5D6A7CF261BC}.Release|Any CPU.Build.0 = Release|Any CPU
		{5526E003-9040-43AA-849C-9D246A2CCC77}.Debug|Any CPU.ActiveCfg = Debug|Any CPU
		{5526E003-9040-43AA-849C-9D246A2CCC77}.Debug|Any CPU.Build.0 = Debug|Any CPU
		{5526E003-9040-43AA-849C-9D246A2CCC77}.Release|Any CPU.ActiveCfg = Release|Any CPU
		{5526E003-9040-43AA-849C-9D246A2CCC77}.Release|Any CPU.Build.0 = Release|Any CPU
	EndGlobalSection
	GlobalSection(SolutionProperties) = preSolution
		HideSolutionNode = FALSE
	EndGlobalSection
	GlobalSection(NestedProjects) = preSolution
		{1A2AD572-BB03-47CB-B0E7-D6FBD26AD89D} = {4C8F3F0C-B913-4AA7-8BC4-8CBEB6BF0DED}
		{0F5FB984-2424-4BB4-A34E-8F376FB301E4} = {4C8F3F0C-B913-4AA7-8BC4-8CBEB6BF0DED}
		{09CF7C25-99E3-4F11-B0CB-5D6A7CF261BC} = {DD41F26A-EC6E-4465-AE17-BA0B28D99A56}
		{5526E003-9040-43AA-849C-9D246A2CCC77} = {9BFA9E61-CC25-465E-BFAF-4B3A7E1A0616}
	EndGlobalSection
	GlobalSection(ExtensibilityGlobals) = postSolution
		SolutionGuid = {F1F8E3AC-EC08-4D85-A0AB-BCC0D5AAAFD7}
	EndGlobalSection
EndGlobal
